
Microsoft Visual Studio Solution File, Format Version 12.00
# Visual Studio 15
Project("{FAE04EC0-301F-11D3-BF4B-00C04F79EFBC}") = "Assembly-CSharp-firstpass", "Assembly-CSharp-firstpass.csproj", "{74102A11-43D1-07F2-1810-FE18C5A8F8F1}"
EndProject
Project("{FAE04EC0-301F-11D3-BF4B-00C04F79EFBC}") = "Assembly-CSharp", "Assembly-CSharp.csproj", "{F662190C-5A21-F8D8-041A-34DA429C83DE}"
EndProject
Global
	GlobalSection(SolutionConfigurationPlatforms) = preSolution
		Debug|Any CPU = Debug|Any CPU
		Release|Any CPU = Release|Any CPU
	EndGlobalSection
	GlobalSection(ProjectConfigurationPlatforms) = postSolution
		{74102A11-43D1-07F2-1810-FE18C5A8F8F1}.Debug|Any CPU.ActiveCfg = Debug|Any CPU
		{74102A11-43D1-07F2-1810-FE18C5A8F8F1}.Debug|Any CPU.Build.0 = Debug|Any CPU
		{74102A11-43D1-07F2-1810-FE18C5A8F8F1}.Release|Any CPU.ActiveCfg = Release|Any CPU
		{74102A11-43D1-07F2-1810-FE18C5A8F8F1}.Release|Any CPU.Build.0 = Release|Any CPU
		{F662190C-5A21-F8D8-041A-34DA429C83DE}.Debug|Any CPU.ActiveCfg = Debug|Any CPU
		{F662190C-5A21-F8D8-041A-34DA429C83DE}.Debug|Any CPU.Build.0 = Debug|Any CPU
		{F662190C-5A21-F8D8-041A-34DA429C83DE}.Release|Any CPU.ActiveCfg = Release|Any CPU
		{F662190C-5A21-F8D8-041A-34DA429C83DE}.Release|Any CPU.Build.0 = Release|Any CPU
	EndGlobalSection
	GlobalSection(SolutionProperties) = preSolution
		HideSolutionNode = FALSE
	EndGlobalSection
EndGlobal
